// !$*UTF8*$!
{
	archiveVersion = 1;
	classes = {
	};
	objectVersion = 77;
	objects = {

/* Begin PBXBuildFile section */
		955B24002D1BC06D00D9DAC0 /* WidgetKit.framework in Frameworks */ = {isa = PBXBuildFile; fileRef = 955B23FF2D1BC06D00D9DAC0 /* WidgetKit.framework */; };
		955B24022D1BC06D00D9DAC0 /* SwiftUI.framework in Frameworks */ = {isa = PBXBuildFile; fileRef = 955B24012D1BC06D00D9DAC0 /* SwiftUI.framework */; };
		955B240D2D1BC06F00D9DAC0 /* SuperCounterWidgetExtension.appex in Embed Foundation Extensions */ = {isa = PBXBuildFile; fileRef = 955B23FD2D1BC06D00D9DAC0 /* SuperCounterWidgetExtension.appex */; settings = {ATTRIBUTES = (RemoveHeadersOnCopy, ); }; };
		9569C5F42D224AE2002AD8E9 /* WidgetKit.framework in Frameworks */ = {isa = PBXBuildFile; fileRef = 955B23FF2D1BC06D00D9DAC0 /* WidgetKit.framework */; };
		9569C5F52D224AE2002AD8E9 /* SwiftUI.framework in Frameworks */ = {isa = PBXBuildFile; fileRef = 955B24012D1BC06D00D9DAC0 /* SwiftUI.framework */; };
		9569C5FE2D224AE4002AD8E9 /* SuperCounterWatch ComplicationExtension.appex in Embed Foundation Extensions */ = {isa = PBXBuildFile; fileRef = 9569C5F32D224AE2002AD8E9 /* SuperCounterWatch ComplicationExtension.appex */; settings = {ATTRIBUTES = (RemoveHeadersOnCopy, ); }; };
		95DDCAD92D2171660075F5B7 /* SuperCounterWatch Watch App.app in Embed Watch Content */ = {isa = PBXBuildFile; fileRef = 95DDCACC2D2171650075F5B7 /* SuperCounterWatch Watch App.app */; settings = {ATTRIBUTES = (RemoveHeadersOnCopy, ); }; };
/* End PBXBuildFile section */

/* Begin PBXContainerItemProxy section */
		955B240B2D1BC06F00D9DAC0 /* PBXContainerItemProxy */ = {
			isa = PBXContainerItemProxy;
			containerPortal = 95D7CD4D2D1ADE1800F1F67A /* Project object */;
			proxyType = 1;
			remoteGlobalIDString = 955B23FC2D1BC06D00D9DAC0;
			remoteInfo = SuperCounterWidgetExtension;
		};
		9569C5FC2D224AE4002AD8E9 /* PBXContainerItemProxy */ = {
			isa = PBXContainerItemProxy;
			containerPortal = 95D7CD4D2D1ADE1800F1F67A /* Project object */;
			proxyType = 1;
			remoteGlobalIDString = 9569C5F22D224AE2002AD8E9;
			remoteInfo = "SuperCounterWatch ComplicationExtension";
		};
		95DDCAD72D2171660075F5B7 /* PBXContainerItemProxy */ = {
			isa = PBXContainerItemProxy;
			containerPortal = 95D7CD4D2D1ADE1800F1F67A /* Project object */;
			proxyType = 1;
			remoteGlobalIDString = 95DDCACB2D2171650075F5B7;
			remoteInfo = "SuperCounterWatch Watch App";
		};
/* End PBXContainerItemProxy section */

/* Begin PBXCopyFilesBuildPhase section */
		955B24122D1BC06F00D9DAC0 /* Embed Foundation Extensions */ = {
			isa = PBXCopyFilesBuildPhase;
			buildActionMask = 2147483647;
			dstPath = "";
			dstSubfolderSpec = 13;
			files = (
				955B240D2D1BC06F00D9DAC0 /* SuperCounterWidgetExtension.appex in Embed Foundation Extensions */,
			);
			name = "Embed Foundation Extensions";
			runOnlyForDeploymentPostprocessing = 0;
		};
		9569C5FF2D224AE4002AD8E9 /* Embed Foundation Extensions */ = {
			isa = PBXCopyFilesBuildPhase;
			buildActionMask = 2147483647;
			dstPath = "";
			dstSubfolderSpec = 13;
			files = (
				9569C5FE2D224AE4002AD8E9 /* SuperCounterWatch ComplicationExtension.appex in Embed Foundation Extensions */,
			);
			name = "Embed Foundation Extensions";
			runOnlyForDeploymentPostprocessing = 0;
		};
		95DDCADA2D2171660075F5B7 /* Embed Watch Content */ = {
			isa = PBXCopyFilesBuildPhase;
			buildActionMask = 2147483647;
			dstPath = "$(CONTENTS_FOLDER_PATH)/Watch";
			dstSubfolderSpec = 16;
			files = (
				95DDCAD92D2171660075F5B7 /* SuperCounterWatch Watch App.app in Embed Watch Content */,
			);
			name = "Embed Watch Content";
			runOnlyForDeploymentPostprocessing = 0;
		};
/* End PBXCopyFilesBuildPhase section */

/* Begin PBXFileReference section */
		955B23FD2D1BC06D00D9DAC0 /* SuperCounterWidgetExtension.appex */ = {isa = PBXFileReference; explicitFileType = "wrapper.app-extension"; includeInIndex = 0; path = SuperCounterWidgetExtension.appex; sourceTree = BUILT_PRODUCTS_DIR; };
		955B23FF2D1BC06D00D9DAC0 /* WidgetKit.framework */ = {isa = PBXFileReference; lastKnownFileType = wrapper.framework; name = WidgetKit.framework; path = System/Library/Frameworks/WidgetKit.framework; sourceTree = SDKROOT; };
		955B24012D1BC06D00D9DAC0 /* SwiftUI.framework */ = {isa = PBXFileReference; lastKnownFileType = wrapper.framework; name = SwiftUI.framework; path = System/Library/Frameworks/SwiftUI.framework; sourceTree = SDKROOT; };
		955B24132D1BC09300D9DAC0 /* SuperCounterWidgetExtension.entitlements */ = {isa = PBXFileReference; lastKnownFileType = text.plist.entitlements; path = SuperCounterWidgetExtension.entitlements; sourceTree = "<group>"; };
		9569C5F32D224AE2002AD8E9 /* SuperCounterWatch ComplicationExtension.appex */ = {isa = PBXFileReference; explicitFileType = "wrapper.app-extension"; includeInIndex = 0; path = "SuperCounterWatch ComplicationExtension.appex"; sourceTree = BUILT_PRODUCTS_DIR; };
		9569C60B2D224DBC002AD8E9 /* SuperCounterWatch ComplicationExtension.entitlements */ = {isa = PBXFileReference; lastKnownFileType = text.plist.entitlements; path = "SuperCounterWatch ComplicationExtension.entitlements"; sourceTree = "<group>"; };
		95D7CD552D1ADE1800F1F67A /* SuperCounter.app */ = {isa = PBXFileReference; explicitFileType = wrapper.application; includeInIndex = 0; path = SuperCounter.app; sourceTree = BUILT_PRODUCTS_DIR; };
		95DDCACC2D2171650075F5B7 /* SuperCounterWatch Watch App.app */ = {isa = PBXFileReference; explicitFileType = wrapper.application; includeInIndex = 0; path = "SuperCounterWatch Watch App.app"; sourceTree = BUILT_PRODUCTS_DIR; };
/* End PBXFileReference section */

/* Begin PBXFileSystemSynchronizedBuildFileExceptionSet section */
		955B240E2D1BC06F00D9DAC0 /* Exceptions for "SuperCounterWidget" folder in "SuperCounterWidgetExtension" target */ = {
			isa = PBXFileSystemSynchronizedBuildFileExceptionSet;
			membershipExceptions = (
				Info.plist,
			);
			target = 955B23FC2D1BC06D00D9DAC0 /* SuperCounterWidgetExtension */;
		};
		955B24152D1BC22900D9DAC0 /* Exceptions for "SuperCounter" folder in "SuperCounterWidgetExtension" target */ = {
			isa = PBXFileSystemSynchronizedBuildFileExceptionSet;
			membershipExceptions = (
				SingleTallyView.swift,
				Tally.swift,
			);
			target = 955B23FC2D1BC06D00D9DAC0 /* SuperCounterWidgetExtension */;
		};
		9569C6032D224AE4002AD8E9 /* Exceptions for "SuperCounterWatch Complication" folder in "SuperCounterWatch ComplicationExtension" target */ = {
			isa = PBXFileSystemSynchronizedBuildFileExceptionSet;
			membershipExceptions = (
				Info.plist,
			);
			target = 9569C5F22D224AE2002AD8E9 /* SuperCounterWatch ComplicationExtension */;
		};
		9569C6092D224B23002AD8E9 /* Exceptions for "SuperCounterWatch Watch App" folder in "SuperCounterWatch ComplicationExtension" target */ = {
			isa = PBXFileSystemSynchronizedBuildFileExceptionSet;
			membershipExceptions = (
				SharedTally.swift,
				WatchTally.swift,
			);
			target = 9569C5F22D224AE2002AD8E9 /* SuperCounterWatch ComplicationExtension */;
		};
		956A8D2A2D1F9627004F71D4 /* Exceptions for "SuperCounterWidget" folder in "SuperCounter" target */ = {
			isa = PBXFileSystemSynchronizedBuildFileExceptionSet;
			membershipExceptions = (
				ConfigurableWidget/TallyEntity.swift,
				ConfigurableWidget/TallyQuery.swift,
				UpdateTallyIntent.swift,
			);
			target = 95D7CD542D1ADE1800F1F67A /* SuperCounter */;
		};
		95DDCAE72D2176950075F5B7 /* Exceptions for "SuperCounterWatch Watch App" folder in "SuperCounter" target */ = {
			isa = PBXFileSystemSynchronizedBuildFileExceptionSet;
			membershipExceptions = (
				WatchTally.swift,
			);
			target = 95D7CD542D1ADE1800F1F67A /* SuperCounter */;
		};
/* End PBXFileSystemSynchronizedBuildFileExceptionSet section */

/* Begin PBXFileSystemSynchronizedRootGroup section */
		955B24032D1BC06D00D9DAC0 /* SuperCounterWidget */ = {
			isa = PBXFileSystemSynchronizedRootGroup;
			exceptions = (
				956A8D2A2D1F9627004F71D4 /* Exceptions for "SuperCounterWidget" folder in "SuperCounter" target */,
				955B240E2D1BC06F00D9DAC0 /* Exceptions for "SuperCounterWidget" folder in "SuperCounterWidgetExtension" target */,
			);
			path = SuperCounterWidget;
			sourceTree = "<group>";
		};
		9569C5F62D224AE2002AD8E9 /* SuperCounterWatch Complication */ = {
			isa = PBXFileSystemSynchronizedRootGroup;
			exceptions = (
				9569C6032D224AE4002AD8E9 /* Exceptions for "SuperCounterWatch Complication" folder in "SuperCounterWatch ComplicationExtension" target */,
			);
			path = "SuperCounterWatch Complication";
			sourceTree = "<group>";
		};
		95D7CD572D1ADE1800F1F67A /* SuperCounter */ = {
			isa = PBXFileSystemSynchronizedRootGroup;
			exceptions = (
				955B24152D1BC22900D9DAC0 /* Exceptions for "SuperCounter" folder in "SuperCounterWidgetExtension" target */,
			);
			path = SuperCounter;
			sourceTree = "<group>";
		};
		95DDCACD2D2171650075F5B7 /* SuperCounterWatch Watch App */ = {
			isa = PBXFileSystemSynchronizedRootGroup;
			exceptions = (
				95DDCAE72D2176950075F5B7 /* Exceptions for "SuperCounterWatch Watch App" folder in "SuperCounter" target */,
				9569C6092D224B23002AD8E9 /* Exceptions for "SuperCounterWatch Watch App" folder in "SuperCounterWatch ComplicationExtension" target */,
			);
			path = "SuperCounterWatch Watch App";
			sourceTree = "<group>";
		};
/* End PBXFileSystemSynchronizedRootGroup section */

/* Begin PBXFrameworksBuildPhase section */
		955B23FA2D1BC06D00D9DAC0 /* Frameworks */ = {
			isa = PBXFrameworksBuildPhase;
			buildActionMask = 2147483647;
			files = (
				955B24022D1BC06D00D9DAC0 /* SwiftUI.framework in Frameworks */,
				955B24002D1BC06D00D9DAC0 /* WidgetKit.framework in Frameworks */,
			);
			runOnlyForDeploymentPostprocessing = 0;
		};
		9569C5F02D224AE2002AD8E9 /* Frameworks */ = {
			isa = PBXFrameworksBuildPhase;
			buildActionMask = 2147483647;
			files = (
				9569C5F52D224AE2002AD8E9 /* SwiftUI.framework in Frameworks */,
				9569C5F42D224AE2002AD8E9 /* WidgetKit.framework in Frameworks */,
			);
			runOnlyForDeploymentPostprocessing = 0;
		};
		95D7CD522D1ADE1800F1F67A /* Frameworks */ = {
			isa = PBXFrameworksBuildPhase;
			buildActionMask = 2147483647;
			files = (
			);
			runOnlyForDeploymentPostprocessing = 0;
		};
		95DDCAC92D2171650075F5B7 /* Frameworks */ = {
			isa = PBXFrameworksBuildPhase;
			buildActionMask = 2147483647;
			files = (
			);
			runOnlyForDeploymentPostprocessing = 0;
		};
/* End PBXFrameworksBuildPhase section */

/* Begin PBXGroup section */
		955B23FE2D1BC06D00D9DAC0 /* Frameworks */ = {
			isa = PBXGroup;
			children = (
				955B23FF2D1BC06D00D9DAC0 /* WidgetKit.framework */,
				955B24012D1BC06D00D9DAC0 /* SwiftUI.framework */,
			);
			name = Frameworks;
			sourceTree = "<group>";
		};
		95D7CD4C2D1ADE1800F1F67A = {
			isa = PBXGroup;
			children = (
				9569C60B2D224DBC002AD8E9 /* SuperCounterWatch ComplicationExtension.entitlements */,
				955B24132D1BC09300D9DAC0 /* SuperCounterWidgetExtension.entitlements */,
				95D7CD572D1ADE1800F1F67A /* SuperCounter */,
				955B24032D1BC06D00D9DAC0 /* SuperCounterWidget */,
				95DDCACD2D2171650075F5B7 /* SuperCounterWatch Watch App */,
				9569C5F62D224AE2002AD8E9 /* SuperCounterWatch Complication */,
				955B23FE2D1BC06D00D9DAC0 /* Frameworks */,
				95D7CD562D1ADE1800F1F67A /* Products */,
			);
			sourceTree = "<group>";
		};
		95D7CD562D1ADE1800F1F67A /* Products */ = {
			isa = PBXGroup;
			children = (
				95D7CD552D1ADE1800F1F67A /* SuperCounter.app */,
				955B23FD2D1BC06D00D9DAC0 /* SuperCounterWidgetExtension.appex */,
				95DDCACC2D2171650075F5B7 /* SuperCounterWatch Watch App.app */,
				9569C5F32D224AE2002AD8E9 /* SuperCounterWatch ComplicationExtension.appex */,
			);
			name = Products;
			sourceTree = "<group>";
		};
/* End PBXGroup section */

/* Begin PBXNativeTarget section */
		955B23FC2D1BC06D00D9DAC0 /* SuperCounterWidgetExtension */ = {
			isa = PBXNativeTarget;
			buildConfigurationList = 955B240F2D1BC06F00D9DAC0 /* Build configuration list for PBXNativeTarget "SuperCounterWidgetExtension" */;
			buildPhases = (
				955B23F92D1BC06D00D9DAC0 /* Sources */,
				955B23FA2D1BC06D00D9DAC0 /* Frameworks */,
				955B23FB2D1BC06D00D9DAC0 /* Resources */,
			);
			buildRules = (
			);
			dependencies = (
			);
			fileSystemSynchronizedGroups = (
				955B24032D1BC06D00D9DAC0 /* SuperCounterWidget */,
			);
			name = SuperCounterWidgetExtension;
			packageProductDependencies = (
			);
			productName = SuperCounterWidgetExtension;
			productReference = 955B23FD2D1BC06D00D9DAC0 /* SuperCounterWidgetExtension.appex */;
			productType = "com.apple.product-type.app-extension";
		};
		9569C5F22D224AE2002AD8E9 /* SuperCounterWatch ComplicationExtension */ = {
			isa = PBXNativeTarget;
			buildConfigurationList = 9569C6022D224AE4002AD8E9 /* Build configuration list for PBXNativeTarget "SuperCounterWatch ComplicationExtension" */;
			buildPhases = (
				9569C5EF2D224AE2002AD8E9 /* Sources */,
				9569C5F02D224AE2002AD8E9 /* Frameworks */,
				9569C5F12D224AE2002AD8E9 /* Resources */,
			);
			buildRules = (
			);
			dependencies = (
			);
			fileSystemSynchronizedGroups = (
				9569C5F62D224AE2002AD8E9 /* SuperCounterWatch Complication */,
			);
			name = "SuperCounterWatch ComplicationExtension";
			packageProductDependencies = (
			);
			productName = "SuperCounterWatch ComplicationExtension";
			productReference = 9569C5F32D224AE2002AD8E9 /* SuperCounterWatch ComplicationExtension.appex */;
			productType = "com.apple.product-type.app-extension";
		};
		95D7CD542D1ADE1800F1F67A /* SuperCounter */ = {
			isa = PBXNativeTarget;
			buildConfigurationList = 95D7CD632D1ADE1900F1F67A /* Build configuration list for PBXNativeTarget "SuperCounter" */;
			buildPhases = (
				95D7CD512D1ADE1800F1F67A /* Sources */,
				95D7CD522D1ADE1800F1F67A /* Frameworks */,
				95D7CD532D1ADE1800F1F67A /* Resources */,
				955B24122D1BC06F00D9DAC0 /* Embed Foundation Extensions */,
				95DDCADA2D2171660075F5B7 /* Embed Watch Content */,
			);
			buildRules = (
			);
			dependencies = (
				955B240C2D1BC06F00D9DAC0 /* PBXTargetDependency */,
				95DDCAD82D2171660075F5B7 /* PBXTargetDependency */,
			);
			fileSystemSynchronizedGroups = (
				95D7CD572D1ADE1800F1F67A /* SuperCounter */,
			);
			name = SuperCounter;
			packageProductDependencies = (
			);
			productName = SuperCounter;
			productReference = 95D7CD552D1ADE1800F1F67A /* SuperCounter.app */;
			productType = "com.apple.product-type.application";
		};
		95DDCACB2D2171650075F5B7 /* SuperCounterWatch Watch App */ = {
			isa = PBXNativeTarget;
			buildConfigurationList = 95DDCADD2D2171660075F5B7 /* Build configuration list for PBXNativeTarget "SuperCounterWatch Watch App" */;
			buildPhases = (
				95DDCAC82D2171650075F5B7 /* Sources */,
				95DDCAC92D2171650075F5B7 /* Frameworks */,
				95DDCACA2D2171650075F5B7 /* Resources */,
				9569C5FF2D224AE4002AD8E9 /* Embed Foundation Extensions */,
			);
			buildRules = (
			);
			dependencies = (
				9569C5FD2D224AE4002AD8E9 /* PBXTargetDependency */,
			);
			fileSystemSynchronizedGroups = (
				95DDCACD2D2171650075F5B7 /* SuperCounterWatch Watch App */,
			);
			name = "SuperCounterWatch Watch App";
			packageProductDependencies = (
			);
			productName = "SuperCounterWatch Watch App";
			productReference = 95DDCACC2D2171650075F5B7 /* SuperCounterWatch Watch App.app */;
			productType = "com.apple.product-type.application";
		};
/* End PBXNativeTarget section */

/* Begin PBXProject section */
		95D7CD4D2D1ADE1800F1F67A /* Project object */ = {
			isa = PBXProject;
			attributes = {
				BuildIndependentTargetsInParallel = 1;
				LastSwiftUpdateCheck = 1620;
				LastUpgradeCheck = 1610;
				TargetAttributes = {
					955B23FC2D1BC06D00D9DAC0 = {
						CreatedOnToolsVersion = 16.1;
					};
					9569C5F22D224AE2002AD8E9 = {
						CreatedOnToolsVersion = 16.2;
					};
					95D7CD542D1ADE1800F1F67A = {
						CreatedOnToolsVersion = 16.1;
					};
					95DDCACB2D2171650075F5B7 = {
						CreatedOnToolsVersion = 16.2;
					};
				};
			};
			buildConfigurationList = 95D7CD502D1ADE1800F1F67A /* Build configuration list for PBXProject "SuperCounter" */;
			developmentRegion = en;
			hasScannedForEncodings = 0;
			knownRegions = (
				en,
				Base,
			);
			mainGroup = 95D7CD4C2D1ADE1800F1F67A;
			minimizedProjectReferenceProxies = 1;
			preferredProjectObjectVersion = 77;
			productRefGroup = 95D7CD562D1ADE1800F1F67A /* Products */;
			projectDirPath = "";
			projectRoot = "";
			targets = (
				95D7CD542D1ADE1800F1F67A /* SuperCounter */,
				955B23FC2D1BC06D00D9DAC0 /* SuperCounterWidgetExtension */,
				95DDCACB2D2171650075F5B7 /* SuperCounterWatch Watch App */,
				9569C5F22D224AE2002AD8E9 /* SuperCounterWatch ComplicationExtension */,
			);
		};
/* End PBXProject section */

/* Begin PBXResourcesBuildPhase section */
		955B23FB2D1BC06D00D9DAC0 /* Resources */ = {
			isa = PBXResourcesBuildPhase;
			buildActionMask = 2147483647;
			files = (
			);
			runOnlyForDeploymentPostprocessing = 0;
		};
		9569C5F12D224AE2002AD8E9 /* Resources */ = {
			isa = PBXResourcesBuildPhase;
			buildActionMask = 2147483647;
			files = (
			);
			runOnlyForDeploymentPostprocessing = 0;
		};
		95D7CD532D1ADE1800F1F67A /* Resources */ = {
			isa = PBXResourcesBuildPhase;
			buildActionMask = 2147483647;
			files = (
			);
			runOnlyForDeploymentPostprocessing = 0;
		};
		95DDCACA2D2171650075F5B7 /* Resources */ = {
			isa = PBXResourcesBuildPhase;
			buildActionMask = 2147483647;
			files = (
			);
			runOnlyForDeploymentPostprocessing = 0;
		};
/* End PBXResourcesBuildPhase section */

/* Begin PBXSourcesBuildPhase section */
		955B23F92D1BC06D00D9DAC0 /* Sources */ = {
			isa = PBXSourcesBuildPhase;
			buildActionMask = 2147483647;
			files = (
			);
			runOnlyForDeploymentPostprocessing = 0;
		};
		9569C5EF2D224AE2002AD8E9 /* Sources */ = {
			isa = PBXSourcesBuildPhase;
			buildActionMask = 2147483647;
			files = (
			);
			runOnlyForDeploymentPostprocessing = 0;
		};
		95D7CD512D1ADE1800F1F67A /* Sources */ = {
			isa = PBXSourcesBuildPhase;
			buildActionMask = 2147483647;
			files = (
			);
			runOnlyForDeploymentPostprocessing = 0;
		};
		95DDCAC82D2171650075F5B7 /* Sources */ = {
			isa = PBXSourcesBuildPhase;
			buildActionMask = 2147483647;
			files = (
			);
			runOnlyForDeploymentPostprocessing = 0;
		};
/* End PBXSourcesBuildPhase section */

/* Begin PBXTargetDependency section */
		955B240C2D1BC06F00D9DAC0 /* PBXTargetDependency */ = {
			isa = PBXTargetDependency;
			target = 955B23FC2D1BC06D00D9DAC0 /* SuperCounterWidgetExtension */;
			targetProxy = 955B240B2D1BC06F00D9DAC0 /* PBXContainerItemProxy */;
		};
		9569C5FD2D224AE4002AD8E9 /* PBXTargetDependency */ = {
			isa = PBXTargetDependency;
			target = 9569C5F22D224AE2002AD8E9 /* SuperCounterWatch ComplicationExtension */;
			targetProxy = 9569C5FC2D224AE4002AD8E9 /* PBXContainerItemProxy */;
		};
		95DDCAD82D2171660075F5B7 /* PBXTargetDependency */ = {
			isa = PBXTargetDependency;
			target = 95DDCACB2D2171650075F5B7 /* SuperCounterWatch Watch App */;
			targetProxy = 95DDCAD72D2171660075F5B7 /* PBXContainerItemProxy */;
		};
/* End PBXTargetDependency section */

/* Begin XCBuildConfiguration section */
		955B24102D1BC06F00D9DAC0 /* Debug */ = {
			isa = XCBuildConfiguration;
			buildSettings = {
				ASSETCATALOG_COMPILER_GLOBAL_ACCENT_COLOR_NAME = AccentColor;
				ASSETCATALOG_COMPILER_WIDGET_BACKGROUND_COLOR_NAME = WidgetBackground;
				CODE_SIGN_ENTITLEMENTS = SuperCounterWidgetExtension.entitlements;
				CODE_SIGN_STYLE = Automatic;
				CURRENT_PROJECT_VERSION = 1;
				DEVELOPMENT_TEAM = 5UTY23TYW4;
				GENERATE_INFOPLIST_FILE = YES;
				INFOPLIST_FILE = SuperCounterWidget/Info.plist;
				INFOPLIST_KEY_CFBundleDisplayName = SuperCounterWidget;
				INFOPLIST_KEY_NSHumanReadableCopyright = "";
				LD_RUNPATH_SEARCH_PATHS = (
					"$(inherited)",
					"@executable_path/Frameworks",
					"@executable_path/../../Frameworks",
				);
				MARKETING_VERSION = 1.0;
				PRODUCT_BUNDLE_IDENTIFIER = npwitk.SuperCounter.SuperCounterWidget;
				PRODUCT_NAME = "$(TARGET_NAME)";
				SKIP_INSTALL = YES;
				SWIFT_EMIT_LOC_STRINGS = YES;
				SWIFT_VERSION = 5.0;
				TARGETED_DEVICE_FAMILY = "1,2";
			};
			name = Debug;
		};
		955B24112D1BC06F00D9DAC0 /* Release */ = {
			isa = XCBuildConfiguration;
			buildSettings = {
				ASSETCATALOG_COMPILER_GLOBAL_ACCENT_COLOR_NAME = AccentColor;
				ASSETCATALOG_COMPILER_WIDGET_BACKGROUND_COLOR_NAME = WidgetBackground;
				CODE_SIGN_ENTITLEMENTS = SuperCounterWidgetExtension.entitlements;
				CODE_SIGN_STYLE = Automatic;
				CURRENT_PROJECT_VERSION = 1;
				DEVELOPMENT_TEAM = 5UTY23TYW4;
				GENERATE_INFOPLIST_FILE = YES;
				INFOPLIST_FILE = SuperCounterWidget/Info.plist;
				INFOPLIST_KEY_CFBundleDisplayName = SuperCounterWidget;
				INFOPLIST_KEY_NSHumanReadableCopyright = "";
				LD_RUNPATH_SEARCH_PATHS = (
					"$(inherited)",
					"@executable_path/Frameworks",
					"@executable_path/../../Frameworks",
				);
				MARKETING_VERSION = 1.0;
				PRODUCT_BUNDLE_IDENTIFIER = npwitk.SuperCounter.SuperCounterWidget;
				PRODUCT_NAME = "$(TARGET_NAME)";
				SKIP_INSTALL = YES;
				SWIFT_EMIT_LOC_STRINGS = YES;
				SWIFT_VERSION = 5.0;
				TARGETED_DEVICE_FAMILY = "1,2";
			};
			name = Release;
		};
		9569C6002D224AE4002AD8E9 /* Debug */ = {
			isa = XCBuildConfiguration;
			buildSettings = {
				ASSETCATALOG_COMPILER_GLOBAL_ACCENT_COLOR_NAME = AccentColor;
				ASSETCATALOG_COMPILER_WIDGET_BACKGROUND_COLOR_NAME = WidgetBackground;
				CODE_SIGN_ENTITLEMENTS = "SuperCounterWatch ComplicationExtension.entitlements";
				CODE_SIGN_STYLE = Automatic;
				CURRENT_PROJECT_VERSION = 1;
				DEVELOPMENT_TEAM = 5UTY23TYW4;
				GENERATE_INFOPLIST_FILE = YES;
				INFOPLIST_FILE = "SuperCounterWatch Complication/Info.plist";
				INFOPLIST_KEY_CFBundleDisplayName = "SuperCounterWatch Complication";
				INFOPLIST_KEY_NSHumanReadableCopyright = "";
				LD_RUNPATH_SEARCH_PATHS = (
					"$(inherited)",
					"@executable_path/Frameworks",
					"@executable_path/../../Frameworks",
					"@executable_path/../../../../Frameworks",
				);
				MARKETING_VERSION = 1.0;
				PRODUCT_BUNDLE_IDENTIFIER = "npwitk.SuperCounter.watchkitapp.SuperCounterWatch-Complication";
				PRODUCT_NAME = "$(TARGET_NAME)";
				SDKROOT = watchos;
				SKIP_INSTALL = YES;
				SWIFT_EMIT_LOC_STRINGS = YES;
				SWIFT_VERSION = 5.0;
				TARGETED_DEVICE_FAMILY = 4;
				WATCHOS_DEPLOYMENT_TARGET = 11.2;
			};
			name = Debug;
		};
		9569C6012D224AE4002AD8E9 /* Release */ = {
			isa = XCBuildConfiguration;
			buildSettings = {
				ASSETCATALOG_COMPILER_GLOBAL_ACCENT_COLOR_NAME = AccentColor;
				ASSETCATALOG_COMPILER_WIDGET_BACKGROUND_COLOR_NAME = WidgetBackground;
				CODE_SIGN_ENTITLEMENTS = "SuperCounterWatch ComplicationExtension.entitlements";
				CODE_SIGN_STYLE = Automatic;
				CURRENT_PROJECT_VERSION = 1;
				DEVELOPMENT_TEAM = 5UTY23TYW4;
				GENERATE_INFOPLIST_FILE = YES;
				INFOPLIST_FILE = "SuperCounterWatch Complication/Info.plist";
				INFOPLIST_KEY_CFBundleDisplayName = "SuperCounterWatch Complication";
				INFOPLIST_KEY_NSHumanReadableCopyright = "";
				LD_RUNPATH_SEARCH_PATHS = (
					"$(inherited)",
					"@executable_path/Frameworks",
					"@executable_path/../../Frameworks",
					"@executable_path/../../../../Frameworks",
				);
				MARKETING_VERSION = 1.0;
				PRODUCT_BUNDLE_IDENTIFIER = "npwitk.SuperCounter.watchkitapp.SuperCounterWatch-Complication";
				PRODUCT_NAME = "$(TARGET_NAME)";
				SDKROOT = watchos;
				SKIP_INSTALL = YES;
				SWIFT_EMIT_LOC_STRINGS = YES;
				SWIFT_VERSION = 5.0;
				TARGETED_DEVICE_FAMILY = 4;
				WATCHOS_DEPLOYMENT_TARGET = 11.2;
			};
			name = Release;
		};
		95D7CD612D1ADE1900F1F67A /* Debug */ = {
			isa = XCBuildConfiguration;
			buildSettings = {
				ALWAYS_SEARCH_USER_PATHS = NO;
				ASSETCATALOG_COMPILER_GENERATE_SWIFT_ASSET_SYMBOL_EXTENSIONS = YES;
				CLANG_ANALYZER_NONNULL = YES;
				CLANG_ANALYZER_NUMBER_OBJECT_CONVERSION = YES_AGGRESSIVE;
				CLANG_CXX_LANGUAGE_STANDARD = "gnu++20";
				CLANG_ENABLE_MODULES = YES;
				CLANG_ENABLE_OBJC_ARC = YES;
				CLANG_ENABLE_OBJC_WEAK = YES;
				CLANG_WARN_BLOCK_CAPTURE_AUTORELEASING = YES;
				CLANG_WARN_BOOL_CONVERSION = YES;
				CLANG_WARN_COMMA = YES;
				CLANG_WARN_CONSTANT_CONVERSION = YES;
				CLANG_WARN_DEPRECATED_OBJC_IMPLEMENTATIONS = YES;
				CLANG_WARN_DIRECT_OBJC_ISA_USAGE = YES_ERROR;
				CLANG_WARN_DOCUMENTATION_COMMENTS = YES;
				CLANG_WARN_EMPTY_BODY = YES;
				CLANG_WARN_ENUM_CONVERSION = YES;
				CLANG_WARN_INFINITE_RECURSION = YES;
				CLANG_WARN_INT_CONVERSION = YES;
				CLANG_WARN_NON_LITERAL_NULL_CONVERSION = YES;
				CLANG_WARN_OBJC_IMPLICIT_RETAIN_SELF = YES;
				CLANG_WARN_OBJC_LITERAL_CONVERSION = YES;
				CLANG_WARN_OBJC_ROOT_CLASS = YES_ERROR;
				CLANG_WARN_QUOTED_INCLUDE_IN_FRAMEWORK_HEADER = YES;
				CLANG_WARN_RANGE_LOOP_ANALYSIS = YES;
				CLANG_WARN_STRICT_PROTOTYPES = YES;
				CLANG_WARN_SUSPICIOUS_MOVE = YES;
				CLANG_WARN_UNGUARDED_AVAILABILITY = YES_AGGRESSIVE;
				CLANG_WARN_UNREACHABLE_CODE = YES;
				CLANG_WARN__DUPLICATE_METHOD_MATCH = YES;
				COPY_PHASE_STRIP = NO;
				DEBUG_INFORMATION_FORMAT = dwarf;
				ENABLE_STRICT_OBJC_MSGSEND = YES;
				ENABLE_TESTABILITY = YES;
				ENABLE_USER_SCRIPT_SANDBOXING = YES;
				GCC_C_LANGUAGE_STANDARD = gnu17;
				GCC_DYNAMIC_NO_PIC = NO;
				GCC_NO_COMMON_BLOCKS = YES;
				GCC_OPTIMIZATION_LEVEL = 0;
				GCC_PREPROCESSOR_DEFINITIONS = (
					"DEBUG=1",
					"$(inherited)",
				);
				GCC_WARN_64_TO_32_BIT_CONVERSION = YES;
				GCC_WARN_ABOUT_RETURN_TYPE = YES_ERROR;
				GCC_WARN_UNDECLARED_SELECTOR = YES;
				GCC_WARN_UNINITIALIZED_AUTOS = YES_AGGRESSIVE;
				GCC_WARN_UNUSED_FUNCTION = YES;
				GCC_WARN_UNUSED_VARIABLE = YES;
				IPHONEOS_DEPLOYMENT_TARGET = 18.1;
				LOCALIZATION_PREFERS_STRING_CATALOGS = YES;
				MTL_ENABLE_DEBUG_INFO = INCLUDE_SOURCE;
				MTL_FAST_MATH = YES;
				ONLY_ACTIVE_ARCH = YES;
				SDKROOT = iphoneos;
				SWIFT_ACTIVE_COMPILATION_CONDITIONS = "DEBUG $(inherited)";
				SWIFT_OPTIMIZATION_LEVEL = "-Onone";
			};
			name = Debug;
		};
		95D7CD622D1ADE1900F1F67A /* Release */ = {
			isa = XCBuildConfiguration;
			buildSettings = {
				ALWAYS_SEARCH_USER_PATHS = NO;
				ASSETCATALOG_COMPILER_GENERATE_SWIFT_ASSET_SYMBOL_EXTENSIONS = YES;
				CLANG_ANALYZER_NONNULL = YES;
				CLANG_ANALYZER_NUMBER_OBJECT_CONVERSION = YES_AGGRESSIVE;
				CLANG_CXX_LANGUAGE_STANDARD = "gnu++20";
				CLANG_ENABLE_MODULES = YES;
				CLANG_ENABLE_OBJC_ARC = YES;
				CLANG_ENABLE_OBJC_WEAK = YES;
				CLANG_WARN_BLOCK_CAPTURE_AUTORELEASING = YES;
				CLANG_WARN_BOOL_CONVERSION = YES;
				CLANG_WARN_COMMA = YES;
				CLANG_WARN_CONSTANT_CONVERSION = YES;
				CLANG_WARN_DEPRECATED_OBJC_IMPLEMENTATIONS = YES;
				CLANG_WARN_DIRECT_OBJC_ISA_USAGE = YES_ERROR;
				CLANG_WARN_DOCUMENTATION_COMMENTS = YES;
				CLANG_WARN_EMPTY_BODY = YES;
				CLANG_WARN_ENUM_CONVERSION = YES;
				CLANG_WARN_INFINITE_RECURSION = YES;
				CLANG_WARN_INT_CONVERSION = YES;
				CLANG_WARN_NON_LITERAL_NULL_CONVERSION = YES;
				CLANG_WARN_OBJC_IMPLICIT_RETAIN_SELF = YES;
				CLANG_WARN_OBJC_LITERAL_CONVERSION = YES;
				CLANG_WARN_OBJC_ROOT_CLASS = YES_ERROR;
				CLANG_WARN_QUOTED_INCLUDE_IN_FRAMEWORK_HEADER = YES;
				CLANG_WARN_RANGE_LOOP_ANALYSIS = YES;
				CLANG_WARN_STRICT_PROTOTYPES = YES;
				CLANG_WARN_SUSPICIOUS_MOVE = YES;
				CLANG_WARN_UNGUARDED_AVAILABILITY = YES_AGGRESSIVE;
				CLANG_WARN_UNREACHABLE_CODE = YES;
				CLANG_WARN__DUPLICATE_METHOD_MATCH = YES;
				COPY_PHASE_STRIP = NO;
				DEBUG_INFORMATION_FORMAT = "dwarf-with-dsym";
				ENABLE_NS_ASSERTIONS = NO;
				ENABLE_STRICT_OBJC_MSGSEND = YES;
				ENABLE_USER_SCRIPT_SANDBOXING = YES;
				GCC_C_LANGUAGE_STANDARD = gnu17;
				GCC_NO_COMMON_BLOCKS = YES;
				GCC_WARN_64_TO_32_BIT_CONVERSION = YES;
				GCC_WARN_ABOUT_RETURN_TYPE = YES_ERROR;
				GCC_WARN_UNDECLARED_SELECTOR = YES;
				GCC_WARN_UNINITIALIZED_AUTOS = YES_AGGRESSIVE;
				GCC_WARN_UNUSED_FUNCTION = YES;
				GCC_WARN_UNUSED_VARIABLE = YES;
				IPHONEOS_DEPLOYMENT_TARGET = 18.1;
				LOCALIZATION_PREFERS_STRING_CATALOGS = YES;
				MTL_ENABLE_DEBUG_INFO = NO;
				MTL_FAST_MATH = YES;
				SDKROOT = iphoneos;
				SWIFT_COMPILATION_MODE = wholemodule;
				VALIDATE_PRODUCT = YES;
			};
			name = Release;
		};
		95D7CD642D1ADE1900F1F67A /* Debug */ = {
			isa = XCBuildConfiguration;
			buildSettings = {
				ASSETCATALOG_COMPILER_APPICON_NAME = AppIcon;
				ASSETCATALOG_COMPILER_GLOBAL_ACCENT_COLOR_NAME = AccentColor;
				CODE_SIGN_ENTITLEMENTS = SuperCounter/SuperCounter.entitlements;
				CODE_SIGN_STYLE = Automatic;
				CURRENT_PROJECT_VERSION = 1;
				DEVELOPMENT_ASSET_PATHS = "\"SuperCounter/Preview Content\"";
				DEVELOPMENT_TEAM = 5UTY23TYW4;
				ENABLE_PREVIEWS = YES;
				GENERATE_INFOPLIST_FILE = YES;
				INFOPLIST_KEY_UIApplicationSceneManifest_Generation = YES;
				INFOPLIST_KEY_UIApplicationSupportsIndirectInputEvents = YES;
				INFOPLIST_KEY_UILaunchScreen_Generation = YES;
				INFOPLIST_KEY_UISupportedInterfaceOrientations_iPad = "UIInterfaceOrientationPortrait UIInterfaceOrientationPortraitUpsideDown UIInterfaceOrientationLandscapeLeft UIInterfaceOrientationLandscapeRight";
				INFOPLIST_KEY_UISupportedInterfaceOrientations_iPhone = "UIInterfaceOrientationPortrait UIInterfaceOrientationLandscapeLeft UIInterfaceOrientationLandscapeRight";
				LD_RUNPATH_SEARCH_PATHS = (
					"$(inherited)",
					"@executable_path/Frameworks",
				);
				MARKETING_VERSION = 1.0;
				PRODUCT_BUNDLE_IDENTIFIER = npwitk.SuperCounter;
				PRODUCT_NAME = "$(TARGET_NAME)";
				SWIFT_EMIT_LOC_STRINGS = YES;
				SWIFT_VERSION = 5.0;
				TARGETED_DEVICE_FAMILY = "1,2";
			};
			name = Debug;
		};
		95D7CD652D1ADE1900F1F67A /* Release */ = {
			isa = XCBuildConfiguration;
			buildSettings = {
				ASSETCATALOG_COMPILER_APPICON_NAME = AppIcon;
				ASSETCATALOG_COMPILER_GLOBAL_ACCENT_COLOR_NAME = AccentColor;
				CODE_SIGN_ENTITLEMENTS = SuperCounter/SuperCounter.entitlements;
				CODE_SIGN_STYLE = Automatic;
				CURRENT_PROJECT_VERSION = 1;
				DEVELOPMENT_ASSET_PATHS = "\"SuperCounter/Preview Content\"";
				DEVELOPMENT_TEAM = 5UTY23TYW4;
				ENABLE_PREVIEWS = YES;
				GENERATE_INFOPLIST_FILE = YES;
				INFOPLIST_KEY_UIApplicationSceneManifest_Generation = YES;
				INFOPLIST_KEY_UIApplicationSupportsIndirectInputEvents = YES;
				INFOPLIST_KEY_UILaunchScreen_Generation = YES;
				INFOPLIST_KEY_UISupportedInterfaceOrientations_iPad = "UIInterfaceOrientationPortrait UIInterfaceOrientationPortraitUpsideDown UIInterfaceOrientationLandscapeLeft UIInterfaceOrientationLandscapeRight";
				INFOPLIST_KEY_UISupportedInterfaceOrientations_iPhone = "UIInterfaceOrientationPortrait UIInterfaceOrientationLandscapeLeft UIInterfaceOrientationLandscapeRight";
				LD_RUNPATH_SEARCH_PATHS = (
					"$(inherited)",
					"@executable_path/Frameworks",
				);
				MARKETING_VERSION = 1.0;
				PRODUCT_BUNDLE_IDENTIFIER = npwitk.SuperCounter;
				PRODUCT_NAME = "$(TARGET_NAME)";
				SWIFT_EMIT_LOC_STRINGS = YES;
				SWIFT_VERSION = 5.0;
				TARGETED_DEVICE_FAMILY = "1,2";
			};
			name = Release;
		};
		95DDCADB2D2171660075F5B7 /* Debug */ = {
			isa = XCBuildConfiguration;
			buildSettings = {
				ASSETCATALOG_COMPILER_APPICON_NAME = AppIcon;
				ASSETCATALOG_COMPILER_GLOBAL_ACCENT_COLOR_NAME = AccentColor;
				CODE_SIGN_ENTITLEMENTS = "SuperCounterWatch Watch App/SuperCounterWatch Watch App.entitlements";
				CODE_SIGN_STYLE = Automatic;
				CURRENT_PROJECT_VERSION = 1;
				DEVELOPMENT_ASSET_PATHS = "\"SuperCounterWatch Watch App/Preview Content\"";
				DEVELOPMENT_TEAM = 5UTY23TYW4;
				ENABLE_PREVIEWS = YES;
				GENERATE_INFOPLIST_FILE = YES;
				INFOPLIST_KEY_CFBundleDisplayName = SuperCounterWatch;
				INFOPLIST_KEY_UISupportedInterfaceOrientations = "UIInterfaceOrientationPortrait UIInterfaceOrientationPortraitUpsideDown";
				INFOPLIST_KEY_WKCompanionAppBundleIdentifier = npwitk.SuperCounter;
				LD_RUNPATH_SEARCH_PATHS = (
					"$(inherited)",
					"@executable_path/Frameworks",
				);
				MARKETING_VERSION = 1.0;
				PRODUCT_BUNDLE_IDENTIFIER = npwitk.SuperCounter.watchkitapp;
				PRODUCT_NAME = "$(TARGET_NAME)";
				SDKROOT = watchos;
				SKIP_INSTALL = YES;
				SWIFT_EMIT_LOC_STRINGS = YES;
				SWIFT_VERSION = 5.0;
				TARGETED_DEVICE_FAMILY = 4;
				WATCHOS_DEPLOYMENT_TARGET = 11.2;
			};
			name = Debug;
		};
		95DDCADC2D2171660075F5B7 /* Release */ = {
			isa = XCBuildConfiguration;
			buildSettings = {
				ASSETCATALOG_COMPILER_APPICON_NAME = AppIcon;
				ASSETCATALOG_COMPILER_GLOBAL_ACCENT_COLOR_NAME = AccentColor;
				CODE_SIGN_ENTITLEMENTS = "SuperCounterWatch Watch App/SuperCounterWatch Watch App.entitlements";
				CODE_SIGN_STYLE = Automatic;
				CURRENT_PROJECT_VERSION = 1;
				DEVELOPMENT_ASSET_PATHS = "\"SuperCounterWatch Watch App/Preview Content\"";
				DEVELOPMENT_TEAM = 5UTY23TYW4;
				ENABLE_PREVIEWS = YES;
				GENERATE_INFOPLIST_FILE = YES;
				INFOPLIST_KEY_CFBundleDisplayName = SuperCounterWatch;
				INFOPLIST_KEY_UISupportedInterfaceOrientations = "UIInterfaceOrientationPortrait UIInterfaceOrientationPortraitUpsideDown";
				INFOPLIST_KEY_WKCompanionAppBundleIdentifier = npwitk.SuperCounter;
				LD_RUNPATH_SEARCH_PATHS = (
					"$(inherited)",
					"@executable_path/Frameworks",
				);
				MARKETING_VERSION = 1.0;
				PRODUCT_BUNDLE_IDENTIFIER = npwitk.SuperCounter.watchkitapp;
				PRODUCT_NAME = "$(TARGET_NAME)";
				SDKROOT = watchos;
				SKIP_INSTALL = YES;
				SWIFT_EMIT_LOC_STRINGS = YES;
				SWIFT_VERSION = 5.0;
				TARGETED_DEVICE_FAMILY = 4;
				WATCHOS_DEPLOYMENT_TARGET = 11.2;
			};
			name = Release;
		};
/* End XCBuildConfiguration section */

/* Begin XCConfigurationList section */
		955B240F2D1BC06F00D9DAC0 /* Build configuration list for PBXNativeTarget "SuperCounterWidgetExtension" */ = {
			isa = XCConfigurationList;
			buildConfigurations = (
				955B24102D1BC06F00D9DAC0 /* Debug */,
				955B24112D1BC06F00D9DAC0 /* Release */,
			);
			defaultConfigurationIsVisible = 0;
			defaultConfigurationName = Release;
		};
		9569C6022D224AE4002AD8E9 /* Build configuration list for PBXNativeTarget "SuperCounterWatch ComplicationExtension" */ = {
			isa = XCConfigurationList;
			buildConfigurations = (
				9569C6002D224AE4002AD8E9 /* Debug */,
				9569C6012D224AE4002AD8E9 /* Release */,
			);
			defaultConfigurationIsVisible = 0;
			defaultConfigurationName = Release;
		};
		95D7CD502D1ADE1800F1F67A /* Build configuration list for PBXProject "SuperCounter" */ = {
			isa = XCConfigurationList;
			buildConfigurations = (
				95D7CD612D1ADE1900F1F67A /* Debug */,
				95D7CD622D1ADE1900F1F67A /* Release */,
			);
			defaultConfigurationIsVisible = 0;
			defaultConfigurationName = Release;
		};
		95D7CD632D1ADE1900F1F67A /* Build configuration list for PBXNativeTarget "SuperCounter" */ = {
			isa = XCConfigurationList;
			buildConfigurations = (
				95D7CD642D1ADE1900F1F67A /* Debug */,
				95D7CD652D1ADE1900F1F67A /* Release */,
			);
			defaultConfigurationIsVisible = 0;
			defaultConfigurationName = Release;
		};
		95DDCADD2D2171660075F5B7 /* Build configuration list for PBXNativeTarget "SuperCounterWatch Watch App" */ = {
			isa = XCConfigurationList;
			buildConfigurations = (
				95DDCADB2D2171660075F5B7 /* Debug */,
				95DDCADC2D2171660075F5B7 /* Release */,
			);
			defaultConfigurationIsVisible = 0;
			defaultConfigurationName = Release;
		};
/* End XCConfigurationList section */
	};
	rootObject = 95D7CD4D2D1ADE1800F1F67A /* Project object */;
}
